# generated by rye
# use `rye lock` or `rye sync` to update this lockfile
#
# last locked with the following flags:
#   pre: false
#   features: []
#   all-features: false

-e file:.
aiohttp==3.8.4
aiosignal==1.3.1
anyio==3.7.1
async-timeout==4.0.2
attrs==23.1.0
automat==22.10.0
black==23.7.0
blis==0.7.9
catalogue==2.0.8
certifi==2023.5.7
cffi==1.15.1
chardet==5.1.0
charset-normalizer==3.2.0
click==8.1.4
confection==0.1.0
constantly==15.1.0
cryptography==41.0.2
cssselect==1.2.0
cymem==2.0.7
dataclasses-json==0.5.9
dnspython==2.3.0
et-xmlfile==1.1.0
exceptiongroup==1.1.2
filelock==3.12.2
filetype==1.2.0
frozenlist==1.4.0
googleapis-common-protos==1.59.1
greenlet==2.0.2
grpc-gateway-protoc-gen-openapiv2==0.1.0
grpcio==1.56.0
grpcio-tools==1.48.2
h11==0.14.0
h2==4.1.0
hpack==4.0.0
httpcore==0.17.3
httpx==0.24.1
hyperframe==6.0.1
hyperlink==21.0.0
idna==3.4
incremental==22.10.0
itemadapter==0.8.0
itemloaders==1.1.0
jinja2==3.1.2
jmespath==1.0.1
joblib==1.3.1
langchain==0.0.231
langchainplus-sdk==0.0.20
langcodes==3.3.0
loguru==0.7.0
lxml==4.9.3
lz4==4.3.2
markdown==3.4.3
markupsafe==2.1.3
marshmallow==3.19.0
marshmallow-enum==1.5.1
msg-parser==1.2.0
multidict==6.0.4
murmurhash==1.0.9
mypy-extensions==1.0.0
nltk==3.8.1
numexpr==2.8.4
numpy==1.25.1
olefile==0.46
openai==0.27.8
openapi-schema-pydantic==1.2.4
openpyxl==3.1.2
packaging==23.1
pandas==2.0.3
parsel==1.8.1
pathspec==0.11.1
pathy==0.10.2
pdf2image==1.16.3
pdfminer-six==20221105
pillow==10.0.0
pinecone-client==2.2.2
platformdirs==3.8.1
playwright==1.35.0
portalocker==2.7.0
preshed==3.0.8
protego==0.2.1
protobuf==3.19.6
psycopg2-binary==2.9.6
pyasn1==0.5.0
pyasn1-modules==0.3.0
pycparser==2.21
pydantic==1.10.11
pydispatcher==2.0.7
pyee==9.0.4
pyopenssl==23.2.0
pypandoc==1.11
pypdf==3.12.1
python-dateutil==2.8.2
python-docx==0.8.11
python-magic==0.4.27
python-pptx==0.6.21
pytz==2023.3
pyyaml==6.0
qdrant-client==1.3.1
queuelib==1.6.2
regex==2023.6.3
requests==2.31.0
requests-file==1.5.1
ruff==0.0.278
scrapy==2.9.0
service-identity==23.1.0
six==1.16.0
smart-open==6.3.0
sniffio==1.3.0
spacy==3.6.0
spacy-legacy==3.0.12
spacy-loggers==1.0.4
sqlalchemy==1.4.41
sqlalchemy2-stubs==0.0.2a35
sqlmodel==0.0.8
srsly==2.4.6
tabulate==0.9.0
tenacity==8.2.2
thinc==8.1.10
tiktoken==0.4.0
tldextract==3.4.4
tomli==2.0.1
tqdm==4.65.0
twisted==22.10.0
typer==0.9.0
typing-extensions==4.5.0
typing-inspect==0.9.0
tzdata==2023.3
unstructured==0.8.1
urllib3==1.26.16
w3lib==2.1.1
wasabi==1.1.2
xlrd==2.0.1
xlsxwriter==3.1.2
yarl==1.9.2
zope-interface==6.0
# The following packages are considered to be unsafe in a requirements file:
setuptools==68.0.0
